
Microsoft Visual Studio Solution File, Format Version 12.00
# Visual Studio Version 16
VisualStudioVersion = 16.0.32002.261
MinimumVisualStudioVersion = 10.0.40219.1
Project("{FAE04EC0-301F-11D3-BF4B-00C04F79EFBC}") = "Internet Library System", "Internet Library System\Internet Library System.csproj", "{58DA8426-047F-43DE-B958-B6633635BBE5}"
EndProject
Global
	GlobalSection(SolutionConfigurationPlatforms) = preSolution
		Debug|Any CPU = Debug|Any CPU
		Release|Any CPU = Release|Any CPU
	EndGlobalSection
	GlobalSection(ProjectConfigurationPlatforms) = postSolution
		{58DA8426-047F-43DE-B958-B6633635BBE5}.Debug|Any CPU.ActiveCfg = Debug|Any CPU
		{58DA8426-047F-43DE-B958-B6633635BBE5}.Debug|Any CPU.Build.0 = Debug|Any CPU
		{58DA8426-047F-43DE-B958-B6633635BBE5}.Release|Any CPU.ActiveCfg = Release|Any CPU
		{58DA8426-047F-43DE-B958-B6633635BBE5}.Release|Any CPU.Build.0 = Release|Any CPU
	EndGlobalSection
	GlobalSection(SolutionProperties) = preSolution
		HideSolutionNode = FALSE
	EndGlobalSection
	GlobalSection(ExtensibilityGlobals) = postSolution
		SolutionGuid = {A090B978-1A9D-4E63-9928-40A999E6E243}
	EndGlobalSection
EndGlobal
